// !$*UTF8*$!
{
	archiveVersion = 1;
	classes = {
	};
	objectVersion = 46;
	objects = {

/* Begin PBXBuildFile section */
		28ADBB861E73A62D008BEB89 /* AppDelegate.swift in Sources */ = {isa = PBXBuildFile; fileRef = 28ADBB851E73A62D008BEB89 /* AppDelegate.swift */; };
		28ADBB881E73A62D008BEB89 /* LoginViewController.swift in Sources */ = {isa = PBXBuildFile; fileRef = 28ADBB871E73A62D008BEB89 /* LoginViewController.swift */; };
		28ADBB8B1E73A62D008BEB89 /* Main.storyboard in Resources */ = {isa = PBXBuildFile; fileRef = 28ADBB891E73A62D008BEB89 /* Main.storyboard */; };
		28ADBB8D1E73A62D008BEB89 /* Assets.xcassets in Resources */ = {isa = PBXBuildFile; fileRef = 28ADBB8C1E73A62D008BEB89 /* Assets.xcassets */; };
		28ADBB901E73A62D008BEB89 /* LaunchScreen.storyboard in Resources */ = {isa = PBXBuildFile; fileRef = 28ADBB8E1E73A62D008BEB89 /* LaunchScreen.storyboard */; };
		28C442EF1E73B2F8008553E8 /* GoogleService-Info.plist in Resources */ = {isa = PBXBuildFile; fileRef = 28C442EE1E73B2F8008553E8 /* GoogleService-Info.plist */; };
		28C442F11E73DB95008553E8 /* SetupNameViewController.swift in Sources */ = {isa = PBXBuildFile; fileRef = 28C442F01E73DB95008553E8 /* SetupNameViewController.swift */; };
		28C442F61E746899008553E8 /* SetupLunchViewController.swift in Sources */ = {isa = PBXBuildFile; fileRef = 28C442F51E746899008553E8 /* SetupLunchViewController.swift */; };
		28C442FA1E748C2C008553E8 /* SetupMiscViewController.swift in Sources */ = {isa = PBXBuildFile; fileRef = 28C442F91E748C2C008553E8 /* SetupMiscViewController.swift */; };
		28C442FC1E749C3D008553E8 /* SetupFinalViewController.swift in Sources */ = {isa = PBXBuildFile; fileRef = 28C442FB1E749C3D008553E8 /* SetupFinalViewController.swift */; };
		28C443021E74E6C7008553E8 /* MenuViewController.swift in Sources */ = {isa = PBXBuildFile; fileRef = 28C443011E74E6C7008553E8 /* MenuViewController.swift */; };
		28E37EFA1E7523CC00C5C24B /* NewsCycle-Bold.ttf in Resources */ = {isa = PBXBuildFile; fileRef = 28E37EF81E7523CC00C5C24B /* NewsCycle-Bold.ttf */; };
		28E37EFB1E7523CC00C5C24B /* NewsCycle-Regular.ttf in Resources */ = {isa = PBXBuildFile; fileRef = 28E37EF91E7523CC00C5C24B /* NewsCycle-Regular.ttf */; };
		28E37EFE1E753DB400C5C24B /* SetupDinnerViewController2.swift in Sources */ = {isa = PBXBuildFile; fileRef = 28E37EFD1E753DB400C5C24B /* SetupDinnerViewController2.swift */; };
		4C0872771E74DE2200C43116 /* Transportation.swift in Sources */ = {isa = PBXBuildFile; fileRef = 4C0872761E74DE2200C43116 /* Transportation.swift */; };
		4C0872791E75104900C43116 /* SelfDriveController.swift in Sources */ = {isa = PBXBuildFile; fileRef = 4C0872781E75104900C43116 /* SelfDriveController.swift */; };
		4CD09CC41E73AB7B00AA259D /* RegisterViewController.swift in Sources */ = {isa = PBXBuildFile; fileRef = 4CD09CC31E73AB7B00AA259D /* RegisterViewController.swift */; };
		4CD09CC61E73B87100AA259D /* HomeViewController.swift in Sources */ = {isa = PBXBuildFile; fileRef = 4CD09CC51E73B87000AA259D /* HomeViewController.swift */; };
		4CD09CCA1E73C45000AA259D /* MapsViewController.swift in Sources */ = {isa = PBXBuildFile; fileRef = 4CD09CC91E73C45000AA259D /* MapsViewController.swift */; };
		4CD09CCC1E73DC2600AA259D /* MapKit.framework in Frameworks */ = {isa = PBXBuildFile; fileRef = 4CD09CCB1E73DC2600AA259D /* MapKit.framework */; };
		4CD09CCE1E74703C00AA259D /* RestaurantModel.swift in Sources */ = {isa = PBXBuildFile; fileRef = 4CD09CCD1E74703C00AA259D /* RestaurantModel.swift */; };
		F96741D37822F33F2D0C110B /* Pods_BitBite.framework in Frameworks */ = {isa = PBXBuildFile; fileRef = 6CB845FF79BBD4D7B0394A5A /* Pods_BitBite.framework */; };
/* End PBXBuildFile section */

/* Begin PBXFileReference section */
		28ADBB821E73A62D008BEB89 /* BitBite.app */ = {isa = PBXFileReference; explicitFileType = wrapper.application; includeInIndex = 0; path = BitBite.app; sourceTree = BUILT_PRODUCTS_DIR; };
		28ADBB851E73A62D008BEB89 /* AppDelegate.swift */ = {isa = PBXFileReference; lastKnownFileType = sourcecode.swift; path = AppDelegate.swift; sourceTree = "<group>"; };
		28ADBB871E73A62D008BEB89 /* LoginViewController.swift */ = {isa = PBXFileReference; lastKnownFileType = sourcecode.swift; path = LoginViewController.swift; sourceTree = "<group>"; };
		28ADBB8A1E73A62D008BEB89 /* Base */ = {isa = PBXFileReference; lastKnownFileType = file.storyboard; name = Base; path = Base.lproj/Main.storyboard; sourceTree = "<group>"; };
		28ADBB8C1E73A62D008BEB89 /* Assets.xcassets */ = {isa = PBXFileReference; lastKnownFileType = folder.assetcatalog; path = Assets.xcassets; sourceTree = "<group>"; };
		28ADBB8F1E73A62D008BEB89 /* Base */ = {isa = PBXFileReference; lastKnownFileType = file.storyboard; name = Base; path = Base.lproj/LaunchScreen.storyboard; sourceTree = "<group>"; };
		28ADBB911E73A62D008BEB89 /* Info.plist */ = {isa = PBXFileReference; lastKnownFileType = text.plist.xml; path = Info.plist; sourceTree = "<group>"; };
		28C442EE1E73B2F8008553E8 /* GoogleService-Info.plist */ = {isa = PBXFileReference; fileEncoding = 4; lastKnownFileType = text.plist.xml; name = "GoogleService-Info.plist"; path = "../../../../Downloads/GoogleService-Info.plist"; sourceTree = "<group>"; };
		28C442F01E73DB95008553E8 /* SetupNameViewController.swift */ = {isa = PBXFileReference; fileEncoding = 4; lastKnownFileType = sourcecode.swift; path = SetupNameViewController.swift; sourceTree = "<group>"; };
		28C442F51E746899008553E8 /* SetupLunchViewController.swift */ = {isa = PBXFileReference; fileEncoding = 4; lastKnownFileType = sourcecode.swift; path = SetupLunchViewController.swift; sourceTree = "<group>"; };
		28C442F71E748520008553E8 /* SetupDinnerViewController.swift */ = {isa = PBXFileReference; fileEncoding = 4; lastKnownFileType = sourcecode.swift; path = SetupDinnerViewController.swift; sourceTree = "<group>"; };
		28C442F91E748C2C008553E8 /* SetupMiscViewController.swift */ = {isa = PBXFileReference; fileEncoding = 4; lastKnownFileType = sourcecode.swift; path = SetupMiscViewController.swift; sourceTree = "<group>"; };
		28C442FB1E749C3D008553E8 /* SetupFinalViewController.swift */ = {isa = PBXFileReference; fileEncoding = 4; lastKnownFileType = sourcecode.swift; path = SetupFinalViewController.swift; sourceTree = "<group>"; };
		28C443011E74E6C7008553E8 /* MenuViewController.swift */ = {isa = PBXFileReference; fileEncoding = 4; lastKnownFileType = sourcecode.swift; path = MenuViewController.swift; sourceTree = "<group>"; };
		28E37EF81E7523CC00C5C24B /* NewsCycle-Bold.ttf */ = {isa = PBXFileReference; lastKnownFileType = file; name = "NewsCycle-Bold.ttf"; path = "../../../Downloads/News_Cycle/NewsCycle-Bold.ttf"; sourceTree = "<group>"; };
		28E37EF91E7523CC00C5C24B /* NewsCycle-Regular.ttf */ = {isa = PBXFileReference; lastKnownFileType = file; name = "NewsCycle-Regular.ttf"; path = "../../../Downloads/News_Cycle/NewsCycle-Regular.ttf"; sourceTree = "<group>"; };
		28E37EFD1E753DB400C5C24B /* SetupDinnerViewController2.swift */ = {isa = PBXFileReference; fileEncoding = 4; lastKnownFileType = sourcecode.swift; path = SetupDinnerViewController2.swift; sourceTree = "<group>"; };
		4C0872761E74DE2200C43116 /* Transportation.swift */ = {isa = PBXFileReference; fileEncoding = 4; lastKnownFileType = sourcecode.swift; path = Transportation.swift; sourceTree = "<group>"; };
		4C0872781E75104900C43116 /* SelfDriveController.swift */ = {isa = PBXFileReference; fileEncoding = 4; lastKnownFileType = sourcecode.swift; path = SelfDriveController.swift; sourceTree = "<group>"; };
		4CD09CC31E73AB7B00AA259D /* RegisterViewController.swift */ = {isa = PBXFileReference; fileEncoding = 4; lastKnownFileType = sourcecode.swift; path = RegisterViewController.swift; sourceTree = "<group>"; };
		4CD09CC51E73B87000AA259D /* HomeViewController.swift */ = {isa = PBXFileReference; fileEncoding = 4; lastKnownFileType = sourcecode.swift; path = HomeViewController.swift; sourceTree = "<group>"; };
		4CD09CC91E73C45000AA259D /* MapsViewController.swift */ = {isa = PBXFileReference; fileEncoding = 4; lastKnownFileType = sourcecode.swift; path = MapsViewController.swift; sourceTree = "<group>"; };
		4CD09CCB1E73DC2600AA259D /* MapKit.framework */ = {isa = PBXFileReference; lastKnownFileType = wrapper.framework; name = MapKit.framework; path = System/Library/Frameworks/MapKit.framework; sourceTree = SDKROOT; };
		4CD09CCD1E74703C00AA259D /* RestaurantModel.swift */ = {isa = PBXFileReference; fileEncoding = 4; lastKnownFileType = sourcecode.swift; path = RestaurantModel.swift; sourceTree = "<group>"; };
		6CB845FF79BBD4D7B0394A5A /* Pods_BitBite.framework */ = {isa = PBXFileReference; explicitFileType = wrapper.framework; includeInIndex = 0; path = Pods_BitBite.framework; sourceTree = BUILT_PRODUCTS_DIR; };
		876EC412B3D338015EFD84F5 /* Pods-BitBite.debug.xcconfig */ = {isa = PBXFileReference; includeInIndex = 1; lastKnownFileType = text.xcconfig; name = "Pods-BitBite.debug.xcconfig"; path = "Pods/Target Support Files/Pods-BitBite/Pods-BitBite.debug.xcconfig"; sourceTree = "<group>"; };
		CA868B0F78C88DD648E02F97 /* Pods-BitBite.release.xcconfig */ = {isa = PBXFileReference; includeInIndex = 1; lastKnownFileType = text.xcconfig; name = "Pods-BitBite.release.xcconfig"; path = "Pods/Target Support Files/Pods-BitBite/Pods-BitBite.release.xcconfig"; sourceTree = "<group>"; };
/* End PBXFileReference section */

/* Begin PBXFrameworksBuildPhase section */
		28ADBB7F1E73A62D008BEB89 /* Frameworks */ = {
			isa = PBXFrameworksBuildPhase;
			buildActionMask = 2147483647;
			files = (
				4CD09CCC1E73DC2600AA259D /* MapKit.framework in Frameworks */,
				F96741D37822F33F2D0C110B /* Pods_BitBite.framework in Frameworks */,
			);
			runOnlyForDeploymentPostprocessing = 0;
		};
/* End PBXFrameworksBuildPhase section */

/* Begin PBXGroup section */
		28ADBB791E73A62D008BEB89 = {
			isa = PBXGroup;
			children = (
				28ADBB841E73A62D008BEB89 /* BitBite */,
				28E37EFC1E7523E100C5C24B /* Resources */,
				28ADBB831E73A62D008BEB89 /* Products */,
				A0D7EB413C18D614B107D16D /* Pods */,
				DD67BA628E766BDB60717138 /* Frameworks */,
			);
			sourceTree = "<group>";
		};
		28ADBB831E73A62D008BEB89 /* Products */ = {
			isa = PBXGroup;
			children = (
				28ADBB821E73A62D008BEB89 /* BitBite.app */,
			);
			name = Products;
			sourceTree = "<group>";
		};
		28ADBB841E73A62D008BEB89 /* BitBite */ = {
			isa = PBXGroup;
			children = (
				28ADBB851E73A62D008BEB89 /* AppDelegate.swift */,
				28ADBB871E73A62D008BEB89 /* LoginViewController.swift */,
				4CD09CC31E73AB7B00AA259D /* RegisterViewController.swift */,
				28C442F41E745EA0008553E8 /* SetupViewControllers */,
				4CD09CC51E73B87000AA259D /* HomeViewController.swift */,
				28C443011E74E6C7008553E8 /* MenuViewController.swift */,
				4C0872781E75104900C43116 /* SelfDriveController.swift */,
				4CD09CCD1E74703C00AA259D /* RestaurantModel.swift */,
				28ADBB891E73A62D008BEB89 /* Main.storyboard */,
				28ADBB8C1E73A62D008BEB89 /* Assets.xcassets */,
				28ADBB8E1E73A62D008BEB89 /* LaunchScreen.storyboard */,
				28ADBB911E73A62D008BEB89 /* Info.plist */,
				28C442EE1E73B2F8008553E8 /* GoogleService-Info.plist */,
				4CD09CC91E73C45000AA259D /* MapsViewController.swift */,
				4C0872761E74DE2200C43116 /* Transportation.swift */,
			);
			path = BitBite;
			sourceTree = "<group>";
		};
		28C442F41E745EA0008553E8 /* SetupViewControllers */ = {
			isa = PBXGroup;
			children = (
				28C442F01E73DB95008553E8 /* SetupNameViewController.swift */,
				28C442F51E746899008553E8 /* SetupLunchViewController.swift */,
				28C442F71E748520008553E8 /* SetupDinnerViewController.swift */,
				28E37EFD1E753DB400C5C24B /* SetupDinnerViewController2.swift */,
				28C442F91E748C2C008553E8 /* SetupMiscViewController.swift */,
				28C442FB1E749C3D008553E8 /* SetupFinalViewController.swift */,
			);
			name = SetupViewControllers;
			sourceTree = "<group>";
		};
		28E37EFC1E7523E100C5C24B /* Resources */ = {
			isa = PBXGroup;
			children = (
				28E37EF81E7523CC00C5C24B /* NewsCycle-Bold.ttf */,
				28E37EF91E7523CC00C5C24B /* NewsCycle-Regular.ttf */,
			);
			name = Resources;
			sourceTree = "<group>";
		};
		A0D7EB413C18D614B107D16D /* Pods */ = {
			isa = PBXGroup;
			children = (
				876EC412B3D338015EFD84F5 /* Pods-BitBite.debug.xcconfig */,
				CA868B0F78C88DD648E02F97 /* Pods-BitBite.release.xcconfig */,
			);
			name = Pods;
			sourceTree = "<group>";
		};
		DD67BA628E766BDB60717138 /* Frameworks */ = {
			isa = PBXGroup;
			children = (
				4CD09CCB1E73DC2600AA259D /* MapKit.framework */,
				6CB845FF79BBD4D7B0394A5A /* Pods_BitBite.framework */,
			);
			name = Frameworks;
			sourceTree = "<group>";
		};
/* End PBXGroup section */

/* Begin PBXNativeTarget section */
		28ADBB811E73A62D008BEB89 /* BitBite */ = {
			isa = PBXNativeTarget;
			buildConfigurationList = 28ADBB941E73A62D008BEB89 /* Build configuration list for PBXNativeTarget "BitBite" */;
			buildPhases = (
				C273A999A9D8BCD81665FFFA /* [CP] Check Pods Manifest.lock */,
				28ADBB7E1E73A62D008BEB89 /* Sources */,
				28ADBB7F1E73A62D008BEB89 /* Frameworks */,
				28ADBB801E73A62D008BEB89 /* Resources */,
				3C2B912B1AFA5D0B1686432A /* [CP] Embed Pods Frameworks */,
				6EFDF587F84FA61120614A0F /* [CP] Copy Pods Resources */,
			);
			buildRules = (
			);
			dependencies = (
			);
			name = BitBite;
			productName = BitBite;
			productReference = 28ADBB821E73A62D008BEB89 /* BitBite.app */;
			productType = "com.apple.product-type.application";
		};
/* End PBXNativeTarget section */

/* Begin PBXProject section */
		28ADBB7A1E73A62D008BEB89 /* Project object */ = {
			isa = PBXProject;
			attributes = {
				LastSwiftUpdateCheck = 0820;
				LastUpgradeCheck = 0820;
				ORGANIZATIONNAME = BMStudios;
				TargetAttributes = {
					28ADBB811E73A62D008BEB89 = {
						CreatedOnToolsVersion = 8.2.1;
						DevelopmentTeam = YY9Z752ABD;
						ProvisioningStyle = Automatic;
					};
				};
			};
			buildConfigurationList = 28ADBB7D1E73A62D008BEB89 /* Build configuration list for PBXProject "BitBite" */;
			compatibilityVersion = "Xcode 3.2";
			developmentRegion = English;
			hasScannedForEncodings = 0;
			knownRegions = (
				en,
				Base,
			);
			mainGroup = 28ADBB791E73A62D008BEB89;
			productRefGroup = 28ADBB831E73A62D008BEB89 /* Products */;
			projectDirPath = "";
			projectRoot = "";
			targets = (
				28ADBB811E73A62D008BEB89 /* BitBite */,
			);
		};
/* End PBXProject section */

/* Begin PBXResourcesBuildPhase section */
		28ADBB801E73A62D008BEB89 /* Resources */ = {
			isa = PBXResourcesBuildPhase;
			buildActionMask = 2147483647;
			files = (
				28ADBB901E73A62D008BEB89 /* LaunchScreen.storyboard in Resources */,
				28C442EF1E73B2F8008553E8 /* GoogleService-Info.plist in Resources */,
				28ADBB8D1E73A62D008BEB89 /* Assets.xcassets in Resources */,
				28E37EFB1E7523CC00C5C24B /* NewsCycle-Regular.ttf in Resources */,
				28ADBB8B1E73A62D008BEB89 /* Main.storyboard in Resources */,
				28E37EFA1E7523CC00C5C24B /* NewsCycle-Bold.ttf in Resources */,
			);
			runOnlyForDeploymentPostprocessing = 0;
		};
/* End PBXResourcesBuildPhase section */

/* Begin PBXShellScriptBuildPhase section */
		3C2B912B1AFA5D0B1686432A /* [CP] Embed Pods Frameworks */ = {
			isa = PBXShellScriptBuildPhase;
			buildActionMask = 2147483647;
			files = (
			);
			inputPaths = (
			);
			name = "[CP] Embed Pods Frameworks";
			outputPaths = (
			);
			runOnlyForDeploymentPostprocessing = 0;
			shellPath = /bin/sh;
			shellScript = "\"${SRCROOT}/Pods/Target Support Files/Pods-BitBite/Pods-BitBite-frameworks.sh\"\n";
			showEnvVarsInLog = 0;
		};
		6EFDF587F84FA61120614A0F /* [CP] Copy Pods Resources */ = {
			isa = PBXShellScriptBuildPhase;
			buildActionMask = 2147483647;
			files = (
			);
			inputPaths = (
			);
			name = "[CP] Copy Pods Resources";
			outputPaths = (
			);
			runOnlyForDeploymentPostprocessing = 0;
			shellPath = /bin/sh;
			shellScript = "\"${SRCROOT}/Pods/Target Support Files/Pods-BitBite/Pods-BitBite-resources.sh\"\n";
			showEnvVarsInLog = 0;
		};
		C273A999A9D8BCD81665FFFA /* [CP] Check Pods Manifest.lock */ = {
			isa = PBXShellScriptBuildPhase;
			buildActionMask = 2147483647;
			files = (
			);
			inputPaths = (
			);
			name = "[CP] Check Pods Manifest.lock";
			outputPaths = (
			);
			runOnlyForDeploymentPostprocessing = 0;
			shellPath = /bin/sh;
			shellScript = "diff \"${PODS_ROOT}/../Podfile.lock\" \"${PODS_ROOT}/Manifest.lock\" > /dev/null\nif [ $? != 0 ] ; then\n    # print error to STDERR\n    echo \"error: The sandbox is not in sync with the Podfile.lock. Run 'pod install' or update your CocoaPods installation.\" >&2\n    exit 1\nfi\n";
			showEnvVarsInLog = 0;
		};
/* End PBXShellScriptBuildPhase section */

/* Begin PBXSourcesBuildPhase section */
		28ADBB7E1E73A62D008BEB89 /* Sources */ = {
			isa = PBXSourcesBuildPhase;
			buildActionMask = 2147483647;
			files = (
				4CD09CCA1E73C45000AA259D /* MapsViewController.swift in Sources */,
				4CD09CC41E73AB7B00AA259D /* RegisterViewController.swift in Sources */,
				4C0872771E74DE2200C43116 /* Transportation.swift in Sources */,
				4CD09CCE1E74703C00AA259D /* RestaurantModel.swift in Sources */,
				4C0872791E75104900C43116 /* SelfDriveController.swift in Sources */,
				28ADBB881E73A62D008BEB89 /* LoginViewController.swift in Sources */,
				28C443021E74E6C7008553E8 /* MenuViewController.swift in Sources */,
				28C442F61E746899008553E8 /* SetupLunchViewController.swift in Sources */,
				28C442FA1E748C2C008553E8 /* SetupMiscViewController.swift in Sources */,
				28ADBB861E73A62D008BEB89 /* AppDelegate.swift in Sources */,
				28E37EFE1E753DB400C5C24B /* SetupDinnerViewController2.swift in Sources */,
				4CD09CC61E73B87100AA259D /* HomeViewController.swift in Sources */,
				28C442F11E73DB95008553E8 /* SetupNameViewController.swift in Sources */,
				28C442FC1E749C3D008553E8 /* SetupFinalViewController.swift in Sources */,
			);
			runOnlyForDeploymentPostprocessing = 0;
		};
/* End PBXSourcesBuildPhase section */

/* Begin PBXVariantGroup section */
		28ADBB891E73A62D008BEB89 /* Main.storyboard */ = {
			isa = PBXVariantGroup;
			children = (
				28ADBB8A1E73A62D008BEB89 /* Base */,
			);
			name = Main.storyboard;
			sourceTree = "<group>";
		};
		28ADBB8E1E73A62D008BEB89 /* LaunchScreen.storyboard */ = {
			isa = PBXVariantGroup;
			children = (
				28ADBB8F1E73A62D008BEB89 /* Base */,
			);
			name = LaunchScreen.storyboard;
			sourceTree = "<group>";
		};
/* End PBXVariantGroup section */

/* Begin XCBuildConfiguration section */
		28ADBB921E73A62D008BEB89 /* Debug */ = {
			isa = XCBuildConfiguration;
			buildSettings = {
				ALWAYS_SEARCH_USER_PATHS = NO;
				CLANG_ANALYZER_NONNULL = YES;
				CLANG_CXX_LANGUAGE_STANDARD = "gnu++0x";
				CLANG_CXX_LIBRARY = "libc++";
				CLANG_ENABLE_MODULES = YES;
				CLANG_ENABLE_OBJC_ARC = YES;
				CLANG_WARN_BOOL_CONVERSION = YES;
				CLANG_WARN_CONSTANT_CONVERSION = YES;
				CLANG_WARN_DIRECT_OBJC_ISA_USAGE = YES_ERROR;
				CLANG_WARN_DOCUMENTATION_COMMENTS = YES;
				CLANG_WARN_EMPTY_BODY = YES;
				CLANG_WARN_ENUM_CONVERSION = YES;
				CLANG_WARN_INFINITE_RECURSION = YES;
				CLANG_WARN_INT_CONVERSION = YES;
				CLANG_WARN_OBJC_ROOT_CLASS = YES_ERROR;
				CLANG_WARN_SUSPICIOUS_MOVE = YES;
				CLANG_WARN_UNREACHABLE_CODE = YES;
				CLANG_WARN__DUPLICATE_METHOD_MATCH = YES;
				"CODE_SIGN_IDENTITY[sdk=iphoneos*]" = "iPhone Developer";
				COPY_PHASE_STRIP = NO;
				DEBUG_INFORMATION_FORMAT = dwarf;
				ENABLE_STRICT_OBJC_MSGSEND = YES;
				ENABLE_TESTABILITY = YES;
				GCC_C_LANGUAGE_STANDARD = gnu99;
				GCC_DYNAMIC_NO_PIC = NO;
				GCC_NO_COMMON_BLOCKS = YES;
				GCC_OPTIMIZATION_LEVEL = 0;
				GCC_PREPROCESSOR_DEFINITIONS = (
					"DEBUG=1",
					"$(inherited)",
				);
				GCC_WARN_64_TO_32_BIT_CONVERSION = YES;
				GCC_WARN_ABOUT_RETURN_TYPE = YES_ERROR;
				GCC_WARN_UNDECLARED_SELECTOR = YES;
				GCC_WARN_UNINITIALIZED_AUTOS = YES_AGGRESSIVE;
				GCC_WARN_UNUSED_FUNCTION = YES;
				GCC_WARN_UNUSED_VARIABLE = YES;
				IPHONEOS_DEPLOYMENT_TARGET = 10.2;
				MTL_ENABLE_DEBUG_INFO = YES;
				ONLY_ACTIVE_ARCH = YES;
				SDKROOT = iphoneos;
				SWIFT_ACTIVE_COMPILATION_CONDITIONS = DEBUG;
				SWIFT_OPTIMIZATION_LEVEL = "-Onone";
			};
			name = Debug;
		};
		28ADBB931E73A62D008BEB89 /* Release */ = {
			isa = XCBuildConfiguration;
			buildSettings = {
				ALWAYS_SEARCH_USER_PATHS = NO;
				CLANG_ANALYZER_NONNULL = YES;
				CLANG_CXX_LANGUAGE_STANDARD = "gnu++0x";
				CLANG_CXX_LIBRARY = "libc++";
				CLANG_ENABLE_MODULES = YES;
				CLANG_ENABLE_OBJC_ARC = YES;
				CLANG_WARN_BOOL_CONVERSION = YES;
				CLANG_WARN_CONSTANT_CONVERSION = YES;
				CLANG_WARN_DIRECT_OBJC_ISA_USAGE = YES_ERROR;
				CLANG_WARN_DOCUMENTATION_COMMENTS = YES;
				CLANG_WARN_EMPTY_BODY = YES;
				CLANG_WARN_ENUM_CONVERSION = YES;
				CLANG_WARN_INFINITE_RECURSION = YES;
				CLANG_WARN_INT_CONVERSION = YES;
				CLANG_WARN_OBJC_ROOT_CLASS = YES_ERROR;
				CLANG_WARN_SUSPICIOUS_MOVE = YES;
				CLANG_WARN_UNREACHABLE_CODE = YES;
				CLANG_WARN__DUPLICATE_METHOD_MATCH = YES;
				"CODE_SIGN_IDENTITY[sdk=iphoneos*]" = "iPhone Developer";
				COPY_PHASE_STRIP = NO;
				DEBUG_INFORMATION_FORMAT = "dwarf-with-dsym";
				ENABLE_NS_ASSERTIONS = NO;
				ENABLE_STRICT_OBJC_MSGSEND = YES;
				GCC_C_LANGUAGE_STANDARD = gnu99;
				GCC_NO_COMMON_BLOCKS = YES;
				GCC_WARN_64_TO_32_BIT_CONVERSION = YES;
				GCC_WARN_ABOUT_RETURN_TYPE = YES_ERROR;
				GCC_WARN_UNDECLARED_SELECTOR = YES;
				GCC_WARN_UNINITIALIZED_AUTOS = YES_AGGRESSIVE;
				GCC_WARN_UNUSED_FUNCTION = YES;
				GCC_WARN_UNUSED_VARIABLE = YES;
				IPHONEOS_DEPLOYMENT_TARGET = 10.2;
				MTL_ENABLE_DEBUG_INFO = NO;
				SDKROOT = iphoneos;
				SWIFT_OPTIMIZATION_LEVEL = "-Owholemodule";
				VALIDATE_PRODUCT = YES;
			};
			name = Release;
		};
		28ADBB951E73A62D008BEB89 /* Debug */ = {
			isa = XCBuildConfiguration;
			baseConfigurationReference = 876EC412B3D338015EFD84F5 /* Pods-BitBite.debug.xcconfig */;
			buildSettings = {
				ASSETCATALOG_COMPILER_APPICON_NAME = AppIcon;
				DEVELOPMENT_TEAM = YY9Z752ABD;
				INFOPLIST_FILE = BitBite/Info.plist;
				LD_RUNPATH_SEARCH_PATHS = "$(inherited) @executable_path/Frameworks";
				PRODUCT_BUNDLE_IDENTIFIER = BMS.BitBite;
				PRODUCT_NAME = "$(TARGET_NAME)";
				SWIFT_VERSION = 3.0;
			};
			name = Debug;
		};
		28ADBB961E73A62D008BEB89 /* Release */ = {
			isa = XCBuildConfiguration;
			baseConfigurationReference = CA868B0F78C88DD648E02F97 /* Pods-BitBite.release.xcconfig */;
			buildSettings = {
				ASSETCATALOG_COMPILER_APPICON_NAME = AppIcon;
				DEVELOPMENT_TEAM = YY9Z752ABD;
				INFOPLIST_FILE = BitBite/Info.plist;
				LD_RUNPATH_SEARCH_PATHS = "$(inherited) @executable_path/Frameworks";
				PRODUCT_BUNDLE_IDENTIFIER = BMS.BitBite;
				PRODUCT_NAME = "$(TARGET_NAME)";
				SWIFT_VERSION = 3.0;
			};
			name = Release;
		};
/* End XCBuildConfiguration section */

/* Begin XCConfigurationList section */
		28ADBB7D1E73A62D008BEB89 /* Build configuration list for PBXProject "BitBite" */ = {
			isa = XCConfigurationList;
			buildConfigurations = (
				28ADBB921E73A62D008BEB89 /* Debug */,
				28ADBB931E73A62D008BEB89 /* Release */,
			);
			defaultConfigurationIsVisible = 0;
			defaultConfigurationName = Release;
		};
		28ADBB941E73A62D008BEB89 /* Build configuration list for PBXNativeTarget "BitBite" */ = {
			isa = XCConfigurationList;
			buildConfigurations = (
				28ADBB951E73A62D008BEB89 /* Debug */,
				28ADBB961E73A62D008BEB89 /* Release */,
			);
			defaultConfigurationIsVisible = 0;
			defaultConfigurationName = Release;
		};
/* End XCConfigurationList section */
	};
	rootObject = 28ADBB7A1E73A62D008BEB89 /* Project object */;
}
